github.com/jrcichra/karmen v0.0.0-20200309023200-40f5625fc2b4 h1:tOF7soje9XcFGVivskvxf6n3ONmrwcWZ4GYnDBmxcZ8=
github.com/jrcichra/karmen v0.0.0-20200309030022-e1c7a9e53151 h1:9ziE/l2C2Mfwqd+pCbWHyrjLX0YI+PH39EU830A9HAM=
github.com/jrcichra/karmen v0.0.0-20200309031957-3997d6c131c1 h1:1Ik+DLV2F+3T/Aiorao2OC46siHg/DB0JrKbPaq0MpU=
github.com/jrcichra/karmen/karmen-go-client v0.0.0-20200309023200-40f5625fc2b4 h1:p7qmOInyrwfDi36UyoxiV6tF/eA1OmoT5ichhs3CWXI=
github.com/jrcichra/karmen/karmen-go-client v0.0.0-20200309023200-40f5625fc2b4/go.mod h1:qHjQMjkW+Kc3vLsVuhz7J61ncEWAQMXa2GX+sq6d7H8=
github.com/jrcichra/karmen/karmen-go-client v0.0.0-20200309024928-5239ff43504f h1:crv8Ko8kuAUQU8mcfEEslJgAlo5hsT4dU3chvdfvexg=
github.com/jrcichra/karmen/karmen-go-client v0.0.0-20200309024928-5239ff43504f/go.mod h1:qHjQMjkW+Kc3vLsVuhz7J61ncEWAQMXa2GX+sq6d7H8=
github.com/jrcichra/karmen/karmen-go-client v0.0.0-20200309030022-e1c7a9e53151 h1:SDoW/mc2pC3BDfmiT0fiIlnE9oSci66Lmawk/Uo0U0A=
github.com/jrcichra/karmen/karmen-go-client v0.0.0-20200309030022-e1c7a9e53151/go.mod h1:qHjQMjkW+Kc3vLsVuhz7J61ncEWAQMXa2GX+sq6d7H8=
github.com/jrcichra/karmen/karmen-go-client v0.0.0-20200309031957-3997d6c131c1 h1:AfhbYRL7YHco48oHl06G9L++Ew53q1ymsqaObJUyXDM=
github.com/rzetterberg/elmobd v0.0.0-20200308140502-9c7884b8ba76 h1:TrezdN0Iqzy9nanv6Qx9HlRBgI/VHoOpALAUtaDQq4E=
github.com/rzetterberg/elmobd v0.0.0-20200308140502-9c7884b8ba76/go.mod h1:4XcKe8qOXuZnphxBnWGDLSkQrmyyvn5zO00r8tgVVmY=
github.com/rzetterberg/elmobd v0.0.0-20200309135549-334e700512dd h1:wCZIF+PAtnMlpwojFAlcD7FS4ghs9eEvzkTt6SXZ7m4=
github.com/rzetterberg/elmobd v0.0.0-20200309135549-334e700512dd/go.mod h1:pjUsxTi7MfZhog8b0rwIxtddeBI35SxEi8mNOQgzSO8=
github.com/tarm/serial v0.0.0-20180830185346-98f6abe2eb07 h1:UyzmZLoiDWMRywV4DUYb9Fbt8uiOSooupjTq10vpvnU=
github.com/tarm/serial v0.0.0-20180830185346-98f6abe2eb07/go.mod h1:kDXzergiv9cbyO7IOYJZWg1U88JhDg3PB6klq9Hg2pA=
golang.org/x/sys v0.0.0-20200302150141-5c8b2ff67527 h1:uYVVQ9WP/Ds2ROhcaGPeIdVq0RIXVLwsHlnvJ+cT1So=
golang.org/x/sys v0.0.0-20200302150141-5c8b2ff67527/go.mod h1:h1NjWce9XRLGQEsW7wpKNCjG9DtNlClVuFLEZdDNbEs=
